
Microsoft Visual Studio Solution File, Format Version 12.00
# Visual Studio Version 17
VisualStudioVersion = 17.0.32112.339
MinimumVisualStudioVersion = 10.0.40219.1
Project("{8BC9CEB8-8B4A-11D0-8D11-00A0C91BC942}") = "prxdll_version", "prxdll_version.vcxproj", "{482F0850-C79D-43EB-909D-8A18CE257986}"
EndProject
Global
	GlobalSection(SolutionConfigurationPlatforms) = preSolution
		Debug|x64 = Debug|x64
		Debug|x86 = Debug|x86
		Release|x64 = Release|x64
		Release|x86 = Release|x86
	EndGlobalSection
	GlobalSection(ProjectConfigurationPlatforms) = postSolution
		{482F0850-C79D-43EB-909D-8A18CE257986}.Debug|x64.ActiveCfg = Debug|x64
		{482F0850-C79D-43EB-909D-8A18CE257986}.Debug|x64.Build.0 = Debug|x64
		{482F0850-C79D-43EB-909D-8A18CE257986}.Debug|x86.ActiveCfg = Debug|Win32
		{482F0850-C79D-43EB-909D-8A18CE257986}.Debug|x86.Build.0 = Debug|Win32
		{482F0850-C79D-43EB-909D-8A18CE257986}.Release|x64.ActiveCfg = Release|x64
		{482F0850-C79D-43EB-909D-8A18CE257986}.Release|x64.Build.0 = Release|x64
		{482F0850-C79D-43EB-909D-8A18CE257986}.Release|x86.ActiveCfg = Release|Win32
		{482F0850-C79D-43EB-909D-8A18CE257986}.Release|x86.Build.0 = Release|Win32
	EndGlobalSection
	GlobalSection(SolutionProperties) = preSolution
		HideSolutionNode = FALSE
	EndGlobalSection
	GlobalSection(ExtensibilityGlobals) = postSolution
		SolutionGuid = {45BE6308-7DC4-4F00-982E-A419C51C681B}
	EndGlobalSection
EndGlobal
